
Microsoft Visual Studio Solution File, Format Version 12.00
# Visual Studio Version 17
VisualStudioVersion = 17.13.35913.81
MinimumVisualStudioVersion = 10.0.40219.1
Project("{FAE04EC0-301F-11D3-BF4B-00C04F79EFBC}") = "Db8.Kanban.WebApi", "Db8.Kanban.WebApi\Db8.Kanban.WebApi.csproj", "{29AEFB28-13D6-4AFC-B93F-FC30D8D673FE}"
EndProject
Project("{FAE04EC0-301F-11D3-BF4B-00C04F79EFBC}") = "Db8.Kanban.Blazor", "Db8.Kanban.Blazor\Db8.Kanban.Blazor\Db8.Kanban.Blazor.csproj", "{11A23CA2-76CB-47BD-AB2C-DFA7BE824C46}"
EndProject
Project("{FAE04EC0-301F-11D3-BF4B-00C04F79EFBC}") = "Db8.Kanban.Blazor.Client", "Db8.Kanban.Blazor\Db8.Kanban.Blazor.Client\Db8.Kanban.Blazor.Client.csproj", "{CE815C59-C000-4CAC-AE07-D55C09A172CA}"
EndProject
Project("{FAE04EC0-301F-11D3-BF4B-00C04F79EFBC}") = "Db8.Kanban.Core", "Db8.Kanban.Core\Db8.Kanban.Core.csproj", "{AB7C1B6E-9420-4A42-9CCD-A64F23412560}"
EndProject
Global
	GlobalSection(SolutionConfigurationPlatforms) = preSolution
		Debug|Any CPU = Debug|Any CPU
		Release|Any CPU = Release|Any CPU
	EndGlobalSection
	GlobalSection(ProjectConfigurationPlatforms) = postSolution
		{29AEFB28-13D6-4AFC-B93F-FC30D8D673FE}.Debug|Any CPU.ActiveCfg = Debug|Any CPU
		{29AEFB28-13D6-4AFC-B93F-FC30D8D673FE}.Debug|Any CPU.Build.0 = Debug|Any CPU
		{29AEFB28-13D6-4AFC-B93F-FC30D8D673FE}.Release|Any CPU.ActiveCfg = Release|Any CPU
		{29AEFB28-13D6-4AFC-B93F-FC30D8D673FE}.Release|Any CPU.Build.0 = Release|Any CPU
		{11A23CA2-76CB-47BD-AB2C-DFA7BE824C46}.Debug|Any CPU.ActiveCfg = Debug|Any CPU
		{11A23CA2-76CB-47BD-AB2C-DFA7BE824C46}.Debug|Any CPU.Build.0 = Debug|Any CPU
		{11A23CA2-76CB-47BD-AB2C-DFA7BE824C46}.Release|Any CPU.ActiveCfg = Release|Any CPU
		{11A23CA2-76CB-47BD-AB2C-DFA7BE824C46}.Release|Any CPU.Build.0 = Release|Any CPU
		{CE815C59-C000-4CAC-AE07-D55C09A172CA}.Debug|Any CPU.ActiveCfg = Debug|Any CPU
		{CE815C59-C000-4CAC-AE07-D55C09A172CA}.Debug|Any CPU.Build.0 = Debug|Any CPU
		{CE815C59-C000-4CAC-AE07-D55C09A172CA}.Release|Any CPU.ActiveCfg = Release|Any CPU
		{CE815C59-C000-4CAC-AE07-D55C09A172CA}.Release|Any CPU.Build.0 = Release|Any CPU
		{AB7C1B6E-9420-4A42-9CCD-A64F23412560}.Debug|Any CPU.ActiveCfg = Debug|Any CPU
		{AB7C1B6E-9420-4A42-9CCD-A64F23412560}.Debug|Any CPU.Build.0 = Debug|Any CPU
		{AB7C1B6E-9420-4A42-9CCD-A64F23412560}.Release|Any CPU.ActiveCfg = Release|Any CPU
		{AB7C1B6E-9420-4A42-9CCD-A64F23412560}.Release|Any CPU.Build.0 = Release|Any CPU
	EndGlobalSection
	GlobalSection(SolutionProperties) = preSolution
		HideSolutionNode = FALSE
	EndGlobalSection
	GlobalSection(ExtensibilityGlobals) = postSolution
		SolutionGuid = {868AFBE9-728A-48D6-8976-914D740BD0B9}
	EndGlobalSection
EndGlobal
